
Microsoft Visual Studio Solution File, Format Version 12.00
# Visual Studio 15
VisualStudioVersion = 15.0.28010.2016
MinimumVisualStudioVersion = 10.0.40219.1
Project("{FAE04EC0-301F-11D3-BF4B-00C04F79EFBC}") = "3", "3\3.csproj", "{4FC0DF54-88CD-4E40-8D61-94B50006A7C3}"
EndProject
Global
	GlobalSection(SolutionConfigurationPlatforms) = preSolution
		Debug|Any CPU = Debug|Any CPU
		Release|Any CPU = Release|Any CPU
	EndGlobalSection
	GlobalSection(ProjectConfigurationPlatforms) = postSolution
		{4FC0DF54-88CD-4E40-8D61-94B50006A7C3}.Debug|Any CPU.ActiveCfg = Debug|Any CPU
		{4FC0DF54-88CD-4E40-8D61-94B50006A7C3}.Debug|Any CPU.Build.0 = Debug|Any CPU
		{4FC0DF54-88CD-4E40-8D61-94B50006A7C3}.Release|Any CPU.ActiveCfg = Release|Any CPU
		{4FC0DF54-88CD-4E40-8D61-94B50006A7C3}.Release|Any CPU.Build.0 = Release|Any CPU
	EndGlobalSection
	GlobalSection(SolutionProperties) = preSolution
		HideSolutionNode = FALSE
	EndGlobalSection
	GlobalSection(ExtensibilityGlobals) = postSolution
		SolutionGuid = {348371E1-FBF9-4A7C-9EFF-94F938D4D1A8}
	EndGlobalSection
EndGlobal
