
Microsoft Visual Studio Solution File, Format Version 12.00
# Visual Studio 15
VisualStudioVersion = 15.0.28010.2016
MinimumVisualStudioVersion = 10.0.40219.1
Project("{FAE04EC0-301F-11D3-BF4B-00C04F79EFBC}") = "3", "3\3.csproj", "{0AA8F5C7-AAEC-417F-9D24-8CC28C8FB637}"
EndProject
Global
	GlobalSection(SolutionConfigurationPlatforms) = preSolution
		Debug|Any CPU = Debug|Any CPU
		Release|Any CPU = Release|Any CPU
	EndGlobalSection
	GlobalSection(ProjectConfigurationPlatforms) = postSolution
		{0AA8F5C7-AAEC-417F-9D24-8CC28C8FB637}.Debug|Any CPU.ActiveCfg = Debug|Any CPU
		{0AA8F5C7-AAEC-417F-9D24-8CC28C8FB637}.Debug|Any CPU.Build.0 = Debug|Any CPU
		{0AA8F5C7-AAEC-417F-9D24-8CC28C8FB637}.Release|Any CPU.ActiveCfg = Release|Any CPU
		{0AA8F5C7-AAEC-417F-9D24-8CC28C8FB637}.Release|Any CPU.Build.0 = Release|Any CPU
	EndGlobalSection
	GlobalSection(SolutionProperties) = preSolution
		HideSolutionNode = FALSE
	EndGlobalSection
	GlobalSection(ExtensibilityGlobals) = postSolution
		SolutionGuid = {328A0189-780D-4C7F-89AF-E58146A94106}
	EndGlobalSection
EndGlobal
