
Microsoft Visual Studio Solution File, Format Version 12.00
# Visual Studio 15
VisualStudioVersion = 15.0.28010.2016
MinimumVisualStudioVersion = 10.0.40219.1
Project("{FAE04EC0-301F-11D3-BF4B-00C04F79EFBC}") = "№2", "№2\№2.csproj", "{42B19772-847B-4D69-9DC4-01D7C4A79353}"
EndProject
Global
	GlobalSection(SolutionConfigurationPlatforms) = preSolution
		Debug|Any CPU = Debug|Any CPU
		Release|Any CPU = Release|Any CPU
	EndGlobalSection
	GlobalSection(ProjectConfigurationPlatforms) = postSolution
		{42B19772-847B-4D69-9DC4-01D7C4A79353}.Debug|Any CPU.ActiveCfg = Debug|Any CPU
		{42B19772-847B-4D69-9DC4-01D7C4A79353}.Debug|Any CPU.Build.0 = Debug|Any CPU
		{42B19772-847B-4D69-9DC4-01D7C4A79353}.Release|Any CPU.ActiveCfg = Release|Any CPU
		{42B19772-847B-4D69-9DC4-01D7C4A79353}.Release|Any CPU.Build.0 = Release|Any CPU
	EndGlobalSection
	GlobalSection(SolutionProperties) = preSolution
		HideSolutionNode = FALSE
	EndGlobalSection
	GlobalSection(ExtensibilityGlobals) = postSolution
		SolutionGuid = {F8F2E03C-6ED2-40E4-B3C6-710E62FDBE49}
	EndGlobalSection
EndGlobal
